<?xml version="1.0" encoding="UTF-8" standalone="yes" ?>
<CodeBlocks_project_file>
	<FileVersion major="1" minor="6" />
	<Project>
		<Option title="WS" />
		<Option pch_mode="2" />
		<Option compiler="null" />
		<Build>
			<Target title="None">
				<Option output="./WS" prefix_auto="1" extension_auto="1" />
				<Option object_output="./" />
				<Option type="1" />
				<Option compiler="null" />
			</Target>
		</Build>
		<Unit filename="AmmoCategory.json" />
		<Unit filename="ItemCollectionDefsAppend/itemCollection_Ammo_all.csv" />
		<Unit filename="ItemCollectionDefsAppend/itemCollection_MechParts_common.csv" />
		<Unit filename="ItemCollectionDefsAppend/itemCollection_MechParts_rare.csv" />
		<Unit filename="ItemCollectionDefsAppend/itemCollection_MechParts_uncommon.csv" />
		<Unit filename="ItemCollectionDefsAppend/itemCollection_Mechs_common.csv" />
		<Unit filename="ItemCollectionDefsAppend/itemCollection_Mechs_rare.csv" />
		<Unit filename="ItemCollectionDefsAppend/itemCollection_Mechs_uncommon.csv" />
		<Unit filename="ItemCollectionDefsAppend/itemCollection_Upgrades_common.csv" />
		<Unit filename="ItemCollectionDefsAppend/itemCollection_Upgrades_rare.csv" />
		<Unit filename="ItemCollectionDefsAppend/itemCollection_Upgrades_uncommon.csv" />
		<Unit filename="ItemCollectionDefsAppend/itemCollection_Weapons_common.csv" />
		<Unit filename="ItemCollectionDefsAppend/itemCollection_Weapons_rare.csv" />
		<Unit filename="ItemCollectionDefsAppend/itemCollection_Weapons_uncommon.csv" />
		<Unit filename="ItemCollectionDefsAppend/itemCollection_shopItems_battlefield.csv" />
		<Unit filename="ItemCollectionDefsAppend/itemCollection_shopItems_battlefieldProgression.csv" />
		<Unit filename="ItemCollectionDefsAppend/itemCollection_shopItems_blackmarket.csv" />
		<Unit filename="ItemCollectionDefsAppend/itemCollection_shopItems_chemicals.csv" />
		<Unit filename="ItemCollectionDefsAppend/itemCollection_shopItems_chemicalsProgression.csv" />
		<Unit filename="ItemCollectionDefsAppend/itemCollection_shopItems_electronics.csv" />
		<Unit filename="ItemCollectionDefsAppend/itemCollection_shopItems_electronicsProgression.csv" />
		<Unit filename="ItemCollectionDefsAppend/itemCollection_shopItems_manufacturing.csv" />
		<Unit filename="ItemCollectionDefsAppend/itemCollection_shopItems_manufacturingProgression.csv" />
		<Unit filename="ItemCollectionDefsAppend/itemCollection_shopItems_mining.csv" />
		<Unit filename="ItemCollectionDefsAppend/itemCollection_shopItems_miningProgression.csv" />
		<Unit filename="ItemCollectionDefsAppend/itemCollection_shopItems_munitions.csv" />
		<Unit filename="ItemCollectionDefsAppend/itemCollection_shopItems_munitionsProgression.csv" />
		<Unit filename="ItemCollectionDefsAppend/itemCollection_shopItems_research.csv" />
		<Unit filename="ItemCollectionDefsAppend/itemCollection_shopItems_researchProgression.csv" />
		<Unit filename="ItemCollectionDefsAppend/itemCollection_shopItems_weapons.csv" />
		<Unit filename="ItemCollectionDefsAppend/itemCollection_shop_battlefield.csv" />
		<Unit filename="ItemCollectionDefsAppend/itemCollection_shop_battlefieldProgression.csv" />
		<Unit filename="ItemCollectionDefsAppend/itemCollection_shop_chemicals.csv" />
		<Unit filename="ItemCollectionDefsAppend/itemCollection_shop_chemicalsProgression.csv" />
		<Unit filename="ItemCollectionDefsAppend/itemCollection_shop_electronics.csv" />
		<Unit filename="ItemCollectionDefsAppend/itemCollection_shop_electronicsProgression.csv" />
		<Unit filename="ItemCollectionDefsAppend/itemCollection_shop_manufacturing.csv" />
		<Unit filename="ItemCollectionDefsAppend/itemCollection_shop_manufacturingProgression.csv" />
		<Unit filename="ItemCollectionDefsAppend/itemCollection_shop_mining.csv" />
		<Unit filename="ItemCollectionDefsAppend/itemCollection_shop_miningProgression.csv" />
		<Unit filename="ItemCollectionDefsAppend/itemCollection_shop_research.csv" />
		<Unit filename="ItemCollectionDefsAppend/itemCollection_shop_researchProgression.csv" />
		<Unit filename="ItemCollectionDefsAppend/itemCollection_systemStores_MechParts_BlackMarket_Assault.csv" />
		<Unit filename="ItemCollectionDefsAppend/itemCollection_systemStores_MechParts_common_Assault.csv" />
		<Unit filename="ItemCollectionDefsAppend/itemCollection_systemStores_MechParts_common_Heavy.csv" />
		<Unit filename="ItemCollectionDefsAppend/itemCollection_systemStores_MechParts_common_Light.csv" />
		<Unit filename="ItemCollectionDefsAppend/itemCollection_systemStores_MechParts_common_Medium.csv" />
		<Unit filename="ItemCollectionDefsAppend/itemCollection_systemStores_Mechs_BlackMarket_Assault.csv" />
		<Unit filename="ItemCollectionDefs/itemCollection_WS_0.csv" />
		<Unit filename="ItemCollectionDefs/itemCollection_WS_1.csv" />
		<Unit filename="ItemCollectionDefs/itemCollection_WS_2.csv" />
		<Unit filename="ItemCollectionDefs/itemCollection_WS_3.csv" />
		<Unit filename="ItemCollectionDefs/itemCollection_WS_4.csv" />
		<Unit filename="ItemCollectionDefs/itemCollection_WS_Custom.csv" />
		<Unit filename="ItemCollectionDefs/itemCollection_WS_Custom_1.csv" />
		<Unit filename="ItemCollectionDefs/itemCollection_WS_Custom_2.csv" />
		<Unit filename="ItemCollectionDefs/itemCollection_WS_Custom_3.csv" />
		<Unit filename="ItemCollectionDefs/itemCollection_WS_Custom_MechParts.csv" />
		<Unit filename="ItemCollectionDefs/itemCollection_WS_Custom_Mechs.csv" />
		<Unit filename="ItemCollectionDefs/itemCollection_WS_Custom_Mechs_1.csv" />
		<Unit filename="ItemCollectionDefs/itemCollection_WS_Custom_Mechs_2.csv" />
		<Unit filename="ItemCollectionDefs/itemCollection_WS_Custom_Mechs_3.csv" />
		<Unit filename="StarSystemDefs/starsystemdef_Alloway.json" />
		<Unit filename="StarSystemDefs/starsystemdef_Argos.json" />
		<Unit filename="StarSystemDefs/starsystemdef_Detroit.json" />
		<Unit filename="StarSystemDefs/starsystemdef_Dunianshire.json" />
		<Unit filename="StarSystemDefs/starsystemdef_Gaucin.json" />
		<Unit filename="StarSystemDefs/starsystemdef_NewVandenburg.json" />
		<Unit filename="StarSystemDefs/starsystemdef_Panzyr.json" />
		<Unit filename="StarSystemDefs/starsystemdef_Panzyr_Contested.json" />
		<Unit filename="StarSystemDefs/starsystemdef_Panzyr_Flipped.json" />
		<Unit filename="StarSystemDefs/starsystemdef_UrCruinne_Career.json" />
		<Unit filename="StarSystemDefs/starsystemdef_Victoria.json" />
		<Unit filename="StarSystemDefs/starsystemdef_Weldry.json" />
		<Unit filename="StarSystemDefs/starsystemdef_Weldry_Contested.json" />
		<Unit filename="StarSystemDefs/starsystemdef_Weldry_Flipped.json" />
		<Unit filename="StarSystemDefs_0/starsystemdef_Alloway.json" />
		<Unit filename="StarSystemDefs_0/starsystemdef_Alloway_Career.json" />
		<Unit filename="StarSystemDefs_0/starsystemdef_Bellerophon.json" />
		<Unit filename="StarSystemDefs_0/starsystemdef_Bellerophon_Career.json" />
		<Unit filename="StarSystemDefs_0/starsystemdef_Detroit.json" />
		<Unit filename="StarSystemDefs_0/starsystemdef_Detroit_Career.json" />
		<Unit filename="StarSystemDefs_0/starsystemdef_UrCruinne.json" />
		<Unit filename="StarSystemDefs_0/starsystemdef_UrCruinne_Career.json" />
		<Unit filename="StarSystemDefs_1/starsystemdef_CluffsStand.json" />
		<Unit filename="StarSystemDefs_1/starsystemdef_Zathras.json" />
		<Unit filename="StarSystemDefs_2/starsystemdef_Fjaldr.json" />
		<Unit filename="StarSystemDefs_2/starsystemdef_Fjaldr_Flipped.json" />
		<Unit filename="StarSystemDefs_2/starsystemdef_Ichlangis.json" />
		<Unit filename="StarSystemDefs_2/starsystemdef_Ichlangis_Flipped.json" />
		<Unit filename="StarSystemDefs_2/starsystemdef_Weldry.json" />
		<Unit filename="StarSystemDefs_2/starsystemdef_Weldry_Contested.json" />
		<Unit filename="StarSystemDefs_2/starsystemdef_Weldry_Flipped.json" />
		<Unit filename="StarSystemDefs_3/starsystemdef_Bringdam.json" />
		<Unit filename="StarSystemDefs_3/starsystemdef_Bringdam_Flipped.json" />
		<Unit filename="StarSystemDefs_3/starsystemdef_Mechdur.json" />
		<Unit filename="StarSystemDefs_3/starsystemdef_Mechdur_Flipped.json" />
		<Unit filename="StarSystemDefs_3/starsystemdef_Panzyr.json" />
		<Unit filename="StarSystemDefs_3/starsystemdef_Panzyr_Contested.json" />
		<Unit filename="StarSystemDefs_3/starsystemdef_Panzyr_Flipped.json" />
		<Unit filename="StarSystemDefs_3/starsystemdef_RyansFate.json" />
		<Unit filename="StarSystemDefs_3/starsystemdef_RyansFate_Flipped.json" />
		<Unit filename="StarSystemDefs_4/starsystemdef_Enkra.json" />
		<Unit filename="StarSystemDefs_4/starsystemdef_Enkra_Flipped.json" />
		<Unit filename="StarSystemDefs_4/starsystemdef_Smithon.json" />
		<Unit filename="StarSystemDefs_4/starsystemdef_Smithon_Contested.json" />
		<Unit filename="StarSystemDefs_4/starsystemdef_Smithon_Flipped.json" />
		<Unit filename="StarSystemDefs_4/starsystemdef_Umgard.json" />
		<Unit filename="StarSystemDefs_4/starsystemdef_Umgard_Flipped.json" />
		<Unit filename="StarSystemDefs_4/starsystemdef_Zangul.json" />
		<Unit filename="StarSystemDefs_4/starsystemdef_Zangul_Flipped.json" />
		<Unit filename="WS.layout" />
		<Unit filename="advanced/simGameConstants_changes.json" />
		<Unit filename="ammunitionBox/Ammo_AmmunitionBox_DFR_10x.json" />
		<Unit filename="ammunitionBox/Ammo_AmmunitionBox_DFR_1x.json" />
		<Unit filename="ammunitionBox/Ammo_AmmunitionBox_DFR_25x.json" />
		<Unit filename="ammunitionBox/Ammo_AmmunitionBox_DFR_2x.json" />
		<Unit filename="ammunitionBox/Ammo_AmmunitionBox_DFR_5x.json" />
		<Unit filename="ammunitionBox/Ammo_AmmunitionBox_DefenderMG_1x.json" />
		<Unit filename="ammunitionBox/Ammo_AmmunitionBox_DefenderMG_2x.json" />
		<Unit filename="ammunitionBox/Ammo_AmmunitionBox_DefenderMG_5x.json" />
		<Unit filename="ammunitionBox/Ammo_AmmunitionBox_Rager_Large_1x.json" />
		<Unit filename="ammunitionBox/Ammo_AmmunitionBox_Rager_Large_2x.json" />
		<Unit filename="ammunitionBox/Ammo_AmmunitionBox_Rager_Medium_1x.json" />
		<Unit filename="ammunitionBox/Ammo_AmmunitionBox_Rager_Medium_2x.json" />
		<Unit filename="ammunitionBox/Ammo_AmmunitionBox_Rager_Small_1x.json" />
		<Unit filename="ammunitionBox/Ammo_AmmunitionBox_Rager_Small_2x.json" />
		<Unit filename="ammunitionBox/Ammo_AmmunitionBox_Reaper_Heavy_10x.json" />
		<Unit filename="ammunitionBox/Ammo_AmmunitionBox_Reaper_Heavy_1x.json" />
		<Unit filename="ammunitionBox/Ammo_AmmunitionBox_Reaper_Heavy_25x.json" />
		<Unit filename="ammunitionBox/Ammo_AmmunitionBox_Reaper_Heavy_2x.json" />
		<Unit filename="ammunitionBox/Ammo_AmmunitionBox_Reaper_Heavy_5x.json" />
		<Unit filename="ammunitionBox/Ammo_AmmunitionBox_Reaper_Light_10x.json" />
		<Unit filename="ammunitionBox/Ammo_AmmunitionBox_Reaper_Light_1x.json" />
		<Unit filename="ammunitionBox/Ammo_AmmunitionBox_Reaper_Light_25x.json" />
		<Unit filename="ammunitionBox/Ammo_AmmunitionBox_Reaper_Light_2x.json" />
		<Unit filename="ammunitionBox/Ammo_AmmunitionBox_Reaper_Light_5x.json" />
		<Unit filename="ammunitionBox/Ammo_AmmunitionBox_Reaper_Sniper_10x.json" />
		<Unit filename="ammunitionBox/Ammo_AmmunitionBox_Reaper_Sniper_1x.json" />
		<Unit filename="ammunitionBox/Ammo_AmmunitionBox_Reaper_Sniper_25x.json" />
		<Unit filename="ammunitionBox/Ammo_AmmunitionBox_Reaper_Sniper_2x.json" />
		<Unit filename="ammunitionBox/Ammo_AmmunitionBox_Reaper_Sniper_5x.json" />
		<Unit filename="ammunitionBox/Ammo_AmmunitionBox_ViperR_10x.json" />
		<Unit filename="ammunitionBox/Ammo_AmmunitionBox_ViperR_1x.json" />
		<Unit filename="ammunitionBox/Ammo_AmmunitionBox_ViperR_25x.json" />
		<Unit filename="ammunitionBox/Ammo_AmmunitionBox_ViperR_2x.json" />
		<Unit filename="ammunitionBox/Ammo_AmmunitionBox_ViperR_5x.json" />
		<Unit filename="ammunition/Ammunition_DFR.json" />
		<Unit filename="ammunition/Ammunition_DefenderMG.json" />
		<Unit filename="ammunition/Ammunition_Rager_Large.json" />
		<Unit filename="ammunition/Ammunition_Rager_Medium.json" />
		<Unit filename="ammunition/Ammunition_Rager_Small.json" />
		<Unit filename="ammunition/Ammunition_Reaper_H.json" />
		<Unit filename="ammunition/Ammunition_Reaper_L.json" />
		<Unit filename="ammunition/Ammunition_Reaper_S.json" />
		<Unit filename="ammunition/Ammunition_ViperR.json" />
		<Unit filename="chassis/chassisdef_bazooka_BZ-WS1.json" />
		<Unit filename="chassis/chassisdef_catapult_CPLT-WS.json" />
		<Unit filename="chassis/chassisdef_centurion_CN9-WS.json" />
		<Unit filename="chassis/chassisdef_commando_XCOM-F6.json" />
		<Unit filename="chassis/chassisdef_fireshrike_FS-5FX.json" />
		<Unit filename="chassis/chassisdef_flea_FLE-80.json" />
		<Unit filename="chassis/chassisdef_grasshopper_GHR-WS.json" />
		<Unit filename="chassis/chassisdef_jagermech_JM6-WS.json" />
		<Unit filename="chassis/chassisdef_killer_KLR-86A.json" />
		<Unit filename="chassis/chassisdef_lunatic_LNC-99.json" />
		<Unit filename="chassis/chassisdef_lunatic_LNC-99X.json" />
		<Unit filename="chassis/chassisdef_pest_P-7.json" />
		<Unit filename="chassis/chassisdef_pest_P-7A.json" />
		<Unit filename="chassis/chassisdef_wrathful_WRT-16.json" />
		<Unit filename="chassis_original/chassisdef_annihilator_ANH-1A.json" />
		<Unit filename="chassis_original/chassisdef_annihilator_ANH-JH.json" />
		<Unit filename="chassis_original/chassisdef_archer_ARC-2R.json" />
		<Unit filename="chassis_original/chassisdef_archer_ARC-2S.json" />
		<Unit filename="chassis_original/chassisdef_archer_ARC-LS.json" />
		<Unit filename="chassis_original/chassisdef_archer_ARC-XO.json" />
		<Unit filename="chassis_original/chassisdef_assassin_ASN-101.json" />
		<Unit filename="chassis_original/chassisdef_assassin_ASN-21.json" />
		<Unit filename="chassis_original/chassisdef_atlas_AS7-D-HT.json" />
		<Unit filename="chassis_original/chassisdef_atlas_AS7-D.json" />
		<Unit filename="chassis_original/chassisdef_atlas_AS7-GG.json" />
		<Unit filename="chassis_original/chassisdef_awesome_AWS-8Q.json" />
		<Unit filename="chassis_original/chassisdef_awesome_AWS-8T.json" />
		<Unit filename="chassis_original/chassisdef_banshee_BNC-3E.json" />
		<Unit filename="chassis_original/chassisdef_banshee_BNC-3M.json" />
		<Unit filename="chassis_original/chassisdef_banshee_BNC-3S.json" />
		<Unit filename="chassis_original/chassisdef_battlemaster_BLR-1G.json" />
		<Unit filename="chassis_original/chassisdef_battlemaster_BLR-1GB.json" />
		<Unit filename="chassis_original/chassisdef_battlemaster_BLR-1S.json" />
		<Unit filename="chassis_original/chassisdef_blackjack_BJ-1.json" />
		<Unit filename="chassis_original/chassisdef_blackjack_BJ-1DB.json" />
		<Unit filename="chassis_original/chassisdef_blackknight_BL-6-KNT.json" />
		<Unit filename="chassis_original/chassisdef_blackknight_BL-6b-KNT.json" />
		<Unit filename="chassis_original/chassisdef_bullshark_BSK-M3.json" />
		<Unit filename="chassis_original/chassisdef_bullshark_BSK-MAZ.json" />
		<Unit filename="chassis_original/chassisdef_cataphract_CTF-0X.json" />
		<Unit filename="chassis_original/chassisdef_cataphract_CTF-1X.json" />
		<Unit filename="chassis_original/chassisdef_catapult_CPLT-C1.json" />
		<Unit filename="chassis_original/chassisdef_catapult_CPLT-C4.json" />
		<Unit filename="chassis_original/chassisdef_catapult_CPLT-K2.json" />
		<Unit filename="chassis_original/chassisdef_centurion_CN9-A.json" />
		<Unit filename="chassis_original/chassisdef_centurion_CN9-AL.json" />
		<Unit filename="chassis_original/chassisdef_cicada_CDA-2A.json" />
		<Unit filename="chassis_original/chassisdef_cicada_CDA-3C.json" />
		<Unit filename="chassis_original/chassisdef_commando_COM-1B.json" />
		<Unit filename="chassis_original/chassisdef_commando_COM-2D.json" />
		<Unit filename="chassis_original/chassisdef_crab_CRB-27.json" />
		<Unit filename="chassis_original/chassisdef_crab_CRB-27b.json" />
		<Unit filename="chassis_original/chassisdef_crab__fp_gladiator_BSC-27.json" />
		<Unit filename="chassis_original/chassisdef_cyclops_CP-10-HQ.json" />
		<Unit filename="chassis_original/chassisdef_cyclops_CP-10-Q.json" />
		<Unit filename="chassis_original/chassisdef_cyclops_CP-10-Z.json" />
		<Unit filename="chassis_original/chassisdef_dragon_DRG-1N.json" />
		<Unit filename="chassis_original/chassisdef_enforcer_ENF-4R.json" />
		<Unit filename="chassis_original/chassisdef_firestarter_FS9-H.json" />
		<Unit filename="chassis_original/chassisdef_flea_FLE-15.json" />
		<Unit filename="chassis_original/chassisdef_flea_FLE-4.json" />
		<Unit filename="chassis_original/chassisdef_granddragon_DRG-1G.json" />
		<Unit filename="chassis_original/chassisdef_grasshopper_GHR-5H.json" />
		<Unit filename="chassis_original/chassisdef_griffin_GRF-1N.json" />
		<Unit filename="chassis_original/chassisdef_griffin_GRF-1S.json" />
		<Unit filename="chassis_original/chassisdef_griffin_GRF-4N.json" />
		<Unit filename="chassis_original/chassisdef_hatchetman_HCT-3F.json" />
		<Unit filename="chassis_original/chassisdef_hatchetman_HCT-3X.json" />
		<Unit filename="chassis_original/chassisdef_highlander_HGN-732b.json" />
		<Unit filename="chassis_original/chassisdef_highlander_HGN-733.json" />
		<Unit filename="chassis_original/chassisdef_highlander_HGN-733P.json" />
		<Unit filename="chassis_original/chassisdef_hunchback_HBK-4G.json" />
		<Unit filename="chassis_original/chassisdef_hunchback_HBK-4P.json" />
		<Unit filename="chassis_original/chassisdef_jagermech_JM6-A.json" />
		<Unit filename="chassis_original/chassisdef_jagermech_JM6-S.json" />
		<Unit filename="chassis_original/chassisdef_javelin_JVN-10A.json" />
		<Unit filename="chassis_original/chassisdef_javelin_JVN-10F.json" />
		<Unit filename="chassis_original/chassisdef_javelin_JVN-10N.json" />
		<Unit filename="chassis_original/chassisdef_jenner_JR7-D.json" />
		<Unit filename="chassis_original/chassisdef_kingcrab_KGC-0000.json" />
		<Unit filename="chassis_original/chassisdef_kintaro_KTO-18.json" />
		<Unit filename="chassis_original/chassisdef_locust_LCT-1E.json" />
		<Unit filename="chassis_original/chassisdef_locust_LCT-1M.json" />
		<Unit filename="chassis_original/chassisdef_locust_LCT-1S.json" />
		<Unit filename="chassis_original/chassisdef_locust_LCT-1V.json" />
		<Unit filename="chassis_original/chassisdef_marauder_MAD-2R.json" />
		<Unit filename="chassis_original/chassisdef_marauder_MAD-3D.json" />
		<Unit filename="chassis_original/chassisdef_marauder_MAD-3R.json" />
		<Unit filename="chassis_original/chassisdef_marauder_MAD-BH.json" />
		<Unit filename="chassis_original/chassisdef_marauder_MAD-CM.json" />
		<Unit filename="chassis_original/chassisdef_orion_ON1-K.json" />
		<Unit filename="chassis_original/chassisdef_orion_ON1-V.json" />
		<Unit filename="chassis_original/chassisdef_panther_PNT-9R.json" />
		<Unit filename="chassis_original/chassisdef_phoenixhawk_PXH-1.json" />
		<Unit filename="chassis_original/chassisdef_phoenixhawk_PXH-1K.json" />
		<Unit filename="chassis_original/chassisdef_phoenixhawk_PXH-1b.json" />
		<Unit filename="chassis_original/chassisdef_quickdraw_QKD-4G.json" />
		<Unit filename="chassis_original/chassisdef_quickdraw_QKD-5A.json" />
		<Unit filename="chassis_original/chassisdef_raven_RVN-1X.json" />
		<Unit filename="chassis_original/chassisdef_raven_RVN-3X.json" />
		<Unit filename="chassis_original/chassisdef_rifleman_RFL-3C.json" />
		<Unit filename="chassis_original/chassisdef_rifleman_RFL-3N.json" />
		<Unit filename="chassis_original/chassisdef_rifleman_RFL-4D.json" />
		<Unit filename="chassis_original/chassisdef_rifleman_RFL-RIP.json" />
		<Unit filename="chassis_original/chassisdef_shadowhawk_SHD-2D.json" />
		<Unit filename="chassis_original/chassisdef_shadowhawk_SHD-2H.json" />
		<Unit filename="chassis_original/chassisdef_spider_SDR-5K.json" />
		<Unit filename="chassis_original/chassisdef_spider_SDR-5V.json" />
		<Unit filename="chassis_original/chassisdef_stalker_STK-3F.json" />
		<Unit filename="chassis_original/chassisdef_thunderbolt_TDR-5S.json" />
		<Unit filename="chassis_original/chassisdef_thunderbolt_TDR-5SE.json" />
		<Unit filename="chassis_original/chassisdef_thunderbolt_TDR-5SS.json" />
		<Unit filename="chassis_original/chassisdef_trebuchet_TBT-5N.json" />
		<Unit filename="chassis_original/chassisdef_trebuchet_TBT-7K.json" />
		<Unit filename="chassis_original/chassisdef_urbanmech_UM-R60.json" />
		<Unit filename="chassis_original/chassisdef_urbanmech_UM-R60L.json" />
		<Unit filename="chassis_original/chassisdef_urbanmech_UM-R90.json" />
		<Unit filename="chassis_original/chassisdef_victor_VTR-9B.json" />
		<Unit filename="chassis_original/chassisdef_victor_VTR-9S.json" />
		<Unit filename="chassis_original/chassisdef_vindicator_VND-1AA.json" />
		<Unit filename="chassis_original/chassisdef_vindicator_VND-1R.json" />
		<Unit filename="chassis_original/chassisdef_vulcan_VL-2T.json" />
		<Unit filename="chassis_original/chassisdef_vulcan_VL-5T.json" />
		<Unit filename="chassis_original/chassisdef_warhammer_WHM-6D.json" />
		<Unit filename="chassis_original/chassisdef_warhammer_WHM-6R.json" />
		<Unit filename="chassis_original/chassisdef_warhammer_WHM-7A.json" />
		<Unit filename="chassis_original/chassisdef_warhammer_WHM-BW.json" />
		<Unit filename="chassis_original/chassisdef_wolverine_WVR-6K.json" />
		<Unit filename="chassis_original/chassisdef_wolverine_WVR-6R.json" />
		<Unit filename="chassis_original/chassisdef_zeus_ZEU-5T.json" />
		<Unit filename="chassis_original/chassisdef_zeus_ZEU-6S.json" />
		<Unit filename="chassis_original/chassisdef_zeus_ZEU-6T.json" />
		<Unit filename="enums/AmmoCategory.json" />
		<Unit filename="heatsinks/Gear_HeatSink_Generic_Coolant_Plant.json" />
		<Unit filename="heatsinks/Gear_HeatSink_Generic_Coolant_Plant_1.json" />
		<Unit filename="heatsinks/Gear_HeatSink_Generic_Coolant_Plant_2.json" />
		<Unit filename="heatsinks/Gear_HeatSink_Generic_Coolant_Plant_3.json" />
		<Unit filename="heatsinks/Gear_HeatSink_Generic_Coolant_Plant_4.json" />
		<Unit filename="heatsinks/Gear_HeatSink_Generic_Coolant_Plant_4x.json" />
		<Unit filename="heatsinks/Gear_HeatSink_Generic_Coolant_Plant_4x_1.json" />
		<Unit filename="heatsinks/Gear_HeatSink_Generic_Coolant_Plant_4x_2.json" />
		<Unit filename="heatsinks/Gear_HeatSink_Generic_Coolant_Plant_4x_3.json" />
		<Unit filename="heatsinks/Gear_HeatSink_Generic_Coolant_Plant_4x_4.json" />
		<Unit filename="heatsinks/Gear_HeatSink_Generic_Coolant_Plant_4x_5.json" />
		<Unit filename="heatsinks/Gear_HeatSink_Generic_Coolant_Plant_5.json" />
		<Unit filename="heatsinks/Gear_HeatSink_Generic_Double.json" />
		<Unit filename="heatsinks/Gear_HeatSink_Generic_Mega.json" />
		<Unit filename="heatsinks/Gear_HeatSink_Generic_MultiCluster.json" />
		<Unit filename="heatsinks/Gear_HeatSink_Generic_Quad.json" />
		<Unit filename="heatsinks/Gear_HeatSink_Generic_Standard.json" />
		<Unit filename="heatsinks/Gear_HeatSink_Generic_Triple.json" />
		<Unit filename="itemCollection_Master.csv" />
		<Unit filename="item_collections_WS/itemCollection_WS_ammo_ballistic.csv" />
		<Unit filename="item_collections_WS/itemCollection_WS_ammo_rocket.csv" />
		<Unit filename="item_collections_WS/itemCollection_WS_upgrade_electronic.csv" />
		<Unit filename="item_collections_WS/itemCollection_WS_upgrade_mechanical.csv" />
		<Unit filename="item_collections_WS/itemCollection_WS_weapon_ballistic.csv" />
		<Unit filename="item_collections_WS/itemCollection_WS_weapon_ballistic_rare.csv" />
		<Unit filename="item_collections_WS/itemCollection_WS_weapon_energy_laser.csv" />
		<Unit filename="item_collections_WS/itemCollection_WS_weapon_energy_laser_rare.csv" />
		<Unit filename="item_collections_WS/itemCollection_WS_weapon_energy_non-laser.csv" />
		<Unit filename="item_collections_WS/itemCollection_WS_weapon_energy_non-laser_rare.csv" />
		<Unit filename="item_collections_WS/itemCollection_WS_weapon_rocket.csv" />
		<Unit filename="item_collections_WS/itemCollection_WS_weapon_rocket_rare.csv" />
		<Unit filename="item_collections_WS_append/itemCollection_shop_battlefield.csv" />
		<Unit filename="item_collections_WS_append/itemCollection_shop_battlefieldProgression.csv" />
		<Unit filename="item_collections_WS_append/itemCollection_shop_chemicals.csv" />
		<Unit filename="item_collections_WS_append/itemCollection_shop_chemicalsProgression.csv" />
		<Unit filename="item_collections_WS_append/itemCollection_shop_electronics.csv" />
		<Unit filename="item_collections_WS_append/itemCollection_shop_electronicsProgression.csv" />
		<Unit filename="item_collections_WS_append/itemCollection_shop_manufacturing.csv" />
		<Unit filename="item_collections_WS_append/itemCollection_shop_manufacturingProgression.csv" />
		<Unit filename="item_collections_WS_append/itemCollection_shop_mining.csv" />
		<Unit filename="item_collections_WS_append/itemCollection_shop_miningProgression.csv" />
		<Unit filename="item_collections_WS_append/itemCollection_shop_research.csv" />
		<Unit filename="item_collections_WS_append/itemCollection_shop_researchProgression.csv" />
		<Unit filename="jumpjets/Gear_JumpJet_Generic_Assault.json" />
		<Unit filename="jumpjets/Gear_JumpJet_Generic_Heavy.json" />
		<Unit filename="jumpjets/Gear_JumpJet_Generic_Mega.json" />
		<Unit filename="jumpjets/Gear_JumpJet_Generic_Standard.json" />
		<Unit filename="jumpjets/Gear_JumpJet_Spinfang_Omni.json" />
		<Unit filename="mech/mechdef_atlas_AS7-D-HT.json" />
		<Unit filename="mech/mechdef_bazooka_BZ-WS1.json" />
		<Unit filename="mech/mechdef_catapult_CPLT-WS.json" />
		<Unit filename="mech/mechdef_centurion_CN9-WS.json" />
		<Unit filename="mech/mechdef_commando_XCOM-F6.json" />
		<Unit filename="mech/mechdef_commando_XCOM-F6_INIT.json" />
		<Unit filename="mech/mechdef_fireshrike_FS-5FX.json" />
		<Unit filename="mech/mechdef_fireshrike_FS-5FX_INIT.json" />
		<Unit filename="mech/mechdef_flea_FLE-80.json" />
		<Unit filename="mech/mechdef_flea_FLE-80_INIT.json" />
		<Unit filename="mech/mechdef_grasshopper_GHR-WS.json" />
		<Unit filename="mech/mechdef_highlander_HGN-732b.json" />
		<Unit filename="mech/mechdef_jagermech_JM6-WS.json" />
		<Unit filename="mech/mechdef_killer_KLR-86A.json" />
		<Unit filename="mech/mechdef_lunatic_LNC-99.json" />
		<Unit filename="mech/mechdef_lunatic_LNC-99X.json" />
		<Unit filename="mech/mechdef_pest_P-7.json" />
		<Unit filename="mech/mechdef_pest_P-7A.json" />
		<Unit filename="mech/mechdef_pest_P-7_INIT.json" />
		<Unit filename="mech/mechdef_wrathful_WRT-16.json" />
		<Unit filename="milestones/milestone_114_sim_leopard_start.json" />
		<Unit filename="mod.json" />
		<Unit filename="modstate.json" />
		<Unit filename="movement/movedef_fireshrike_FS-5FX.json" />
		<Unit filename="movement/movedef_killer_KLR-86A.json" />
		<Unit filename="movement/movedef_lunatic_LNC-99.json" />
		<Unit filename="movement/movedef_pest_P-7.json" />
		<Unit filename="movement/movedef_wrathful_WRT-16.json" />
		<Unit filename="pilot/pilot_story_kamea.json" />
		<Unit filename="pilot/pilot_story_kamea_end.json" />
		<Unit filename="pilot/pilot_story_kamea_mid.json" />
		<Unit filename="pilot/pilot_story_mastiff.json" />
		<Unit filename="pilot/pilot_ws_Acid_Burn.json" />
		<Unit filename="pilot/pilot_ws_Black_Coffee.json" />
		<Unit filename="pilot/pilot_ws_Car_Crash.json" />
		<Unit filename="pilot/pilot_ws_Chromatic_Wolf.json" />
		<Unit filename="pilot/pilot_ws_Mach_Five_Assault.json" />
		<Unit filename="pilot/pilot_ws_Nuclear_Murder.json" />
		<Unit filename="pilot/pilot_ws_Overcooked.json" />
		<Unit filename="pilot/pilot_ws_Plastic_Splash.json" />
		<Unit filename="pilot/pilot_ws_Power_Dive.json" />
		<Unit filename="pilot/pilot_ws_Prismatic_Cougar.json" />
		<Unit filename="pilot/pilot_ws_Rage_Fire.json" />
		<Unit filename="pilot/pilot_ws_Screwdriver.json" />
		<Unit filename="pilot/pilot_ws_Skin_Peeler.json" />
		<Unit filename="pilot/pilot_ws_Slamdancer.json" />
		<Unit filename="pilot/pilot_ws_Superphotonic.json" />
		<Unit filename="pilot/pilot_ws_Thrustheavy.json" />
		<Unit filename="pilots.txt" />
		<Unit filename="portraits/PortraitPreset_ws_Tigerstone_mohawk.json" />
		<Unit filename="shipUpgrades/argoUpgrade_drive0.json" />
		<Unit filename="shipUpgrades/argoUpgrade_drive1.json" />
		<Unit filename="shipUpgrades/argoUpgrade_drive2.json" />
		<Unit filename="shipUpgrades/argoUpgrade_mechBay1.json" />
		<Unit filename="shipUpgrades/argoUpgrade_mechBay2.json" />
		<Unit filename="shipUpgrades/argoUpgrade_mechBay3.json" />
		<Unit filename="shipUpgrades/argoUpgrade_mechBay_automation1.json" />
		<Unit filename="shipUpgrades/argoUpgrade_mechBay_automation2.json" />
		<Unit filename="shipUpgrades/argoUpgrade_mechBay_machineShop.json" />
		<Unit filename="shipUpgrades/argoUpgrade_mechBay_refitHarness.json" />
		<Unit filename="shipUpgrades/argoUpgrade_mechBay_scaffolding.json" />
		<Unit filename="shipUpgrades/argoUpgrade_medBay1.json" />
		<Unit filename="shipUpgrades/argoUpgrade_medBay2.json" />
		<Unit filename="shipUpgrades/argoUpgrade_medBay3.json" />
		<Unit filename="shipUpgrades/argoUpgrade_medBay_hospital.json" />
		<Unit filename="shipUpgrades/argoUpgrade_pod1.json" />
		<Unit filename="shipUpgrades/argoUpgrade_pod2.json" />
		<Unit filename="shipUpgrades/argoUpgrade_pod3.json" />
		<Unit filename="shipUpgrades/argoUpgrade_power1.json" />
		<Unit filename="shipUpgrades/argoUpgrade_power2.json" />
		<Unit filename="shipUpgrades/argoUpgrade_power3.json" />
		<Unit filename="shipUpgrades/argoUpgrade_rec_arcade.json" />
		<Unit filename="shipUpgrades/argoUpgrade_rec_gym.json" />
		<Unit filename="shipUpgrades/argoUpgrade_rec_hydroponics.json" />
		<Unit filename="shipUpgrades/argoUpgrade_rec_library1.json" />
		<Unit filename="shipUpgrades/argoUpgrade_rec_library2.json" />
		<Unit filename="shipUpgrades/argoUpgrade_rec_lounge1.json" />
		<Unit filename="shipUpgrades/argoUpgrade_rec_lounge2.json" />
		<Unit filename="shipUpgrades/argoUpgrade_rec_pool.json" />
		<Unit filename="shipUpgrades/argoUpgrade_structure0.json" />
		<Unit filename="shipUpgrades/argoUpgrade_structure1.json" />
		<Unit filename="shipUpgrades/argoUpgrade_structure2.json" />
		<Unit filename="shipUpgrades/argoUpgrade_trainingModule1.json" />
		<Unit filename="shipUpgrades/argoUpgrade_trainingModule2.json" />
		<Unit filename="shipUpgrades/argoUpgrade_trainingModule3.json" />
		<Unit filename="simGameConstants/SimGameConstants.json" />
		<Unit filename="sprites/Portraits/guiTxrPort_ws_pilot_Blue_Warrior.png" />
		<Unit filename="sprites/Portraits/guiTxrPort_ws_pilot_Cobra.png" />
		<Unit filename="sprites/Portraits/guiTxrPort_ws_pilot_Raptor.png" />
		<Unit filename="sprites/Portraits/guiTxrPort_ws_pilot_Tigerstone_mohawk.png" />
		<Unit filename="sprites/Portraits/guiTxrPort_ws_pilot_Yellow_Viper.png" />
		<Unit filename="sprites_pilots/ws_img_pilot_Blue_Warrior.png" />
		<Unit filename="sprites_pilots/ws_img_pilot_Cobra.png" />
		<Unit filename="sprites_pilots/ws_img_pilot_Copper_Fox.png" />
		<Unit filename="sprites_pilots/ws_img_pilot_Desert_Sand.png" />
		<Unit filename="sprites_pilots/ws_img_pilot_Firewalker.png" />
		<Unit filename="sprites_pilots/ws_img_pilot_Glass_Snake.png" />
		<Unit filename="sprites_pilots/ws_img_pilot_Golden_Sword.png" />
		<Unit filename="sprites_pilots/ws_img_pilot_Quickfighter.png" />
		<Unit filename="sprites_pilots/ws_img_pilot_Raptor.png" />
		<Unit filename="sprites_pilots/ws_img_pilot_Shotgun.png" />
		<Unit filename="sprites_pilots/ws_img_pilot_Summer_Wind.png" />
		<Unit filename="sprites_pilots/ws_img_pilot_Winter_Day.png" />
		<Unit filename="sprites_pilots/ws_img_pilot_Wolf.png" />
		<Unit filename="sprites_pilots/ws_img_pilot_Yellow_Viper.png" />
		<Unit filename="starsystem/starsystemdef_Alterholz.json" />
		<Unit filename="starsystem/starsystemdef_Bellowton.json" />
		<Unit filename="starsystem/starsystemdef_Blackwheat.json" />
		<Unit filename="starsystem/starsystemdef_Blauerkomet.json" />
		<Unit filename="starsystem/starsystemdef_Cherrygarden.json" />
		<Unit filename="starsystem/starsystemdef_Crowncastle.json" />
		<Unit filename="starsystem/starsystemdef_DalEstlin.json" />
		<Unit filename="starsystem/starsystemdef_Donnerschwert.json" />
		<Unit filename="starsystem/starsystemdef_Edeiyah.json" />
		<Unit filename="starsystem/starsystemdef_Galaganaga.json" />
		<Unit filename="starsystem/starsystemdef_Garnall.json" />
		<Unit filename="starsystem/starsystemdef_Gashlall.json" />
		<Unit filename="starsystem/starsystemdef_Hell.json" />
		<Unit filename="starsystem/starsystemdef_Kensei.json" />
		<Unit filename="starsystem/starsystemdef_Kollyedon.json" />
		<Unit filename="starsystem/starsystemdef_Luckwind.json" />
		<Unit filename="starsystem/starsystemdef_ParadiseHills.json" />
		<Unit filename="starsystem/starsystemdef_Sky_Jewel.json" />
		<Unit filename="starsystem/starsystemdef_Snowgem.json" />
		<Unit filename="starsystem/starsystemdef_Stahlgestein.json" />
		<Unit filename="starsystem/starsystemdef_Tal_Tengar.json" />
		<Unit filename="starsystem/starsystemdef_Tal_Tinlan.json" />
		<Unit filename="starsystem/starsystemdef_Windland.json" />
		<Unit filename="starsystem/starsystemdef_Wynsprach.json" />
		<Unit filename="starsystem_base/starsystemdef_Addasar.json" />
		<Unit filename="starsystem_base/starsystemdef_Adrar.json" />
		<Unit filename="starsystem_base/starsystemdef_Aea.json" />
		<Unit filename="starsystem_base/starsystemdef_Aea_Flipped.json" />
		<Unit filename="starsystem_base/starsystemdef_Ahlat.json" />
		<Unit filename="starsystem_base/starsystemdef_Alamagordo.json" />
		<Unit filename="starsystem_base/starsystemdef_Alexandria.json" />
		<Unit filename="starsystem_base/starsystemdef_Alloway.json" />
		<Unit filename="starsystem_base/starsystemdef_Alloway_Career.json" />
		<Unit filename="starsystem_base/starsystemdef_Amu Darya.json" />
		<Unit filename="starsystem_base/starsystemdef_Andarmax.json" />
		<Unit filename="starsystem_base/starsystemdef_Antias.json" />
		<Unit filename="starsystem_base/starsystemdef_Aomen.json" />
		<Unit filename="starsystem_base/starsystemdef_Appian.json" />
		<Unit filename="starsystem_base/starsystemdef_Aquagea.json" />
		<Unit filename="starsystem_base/starsystemdef_Argos.json" />
		<Unit filename="starsystem_base/starsystemdef_Arn.json" />
		<Unit filename="starsystem_base/starsystemdef_Artru.json" />
		<Unit filename="starsystem_base/starsystemdef_Artru_Contested.json" />
		<Unit filename="starsystem_base/starsystemdef_Artru_Flipped.json" />
		<Unit filename="starsystem_base/starsystemdef_Athna.json" />
		<Unit filename="starsystem_base/starsystemdef_AtreusPrime.json" />
		<Unit filename="starsystem_base/starsystemdef_Balawat.json" />
		<Unit filename="starsystem_base/starsystemdef_Barras.json" />
		<Unit filename="starsystem_base/starsystemdef_Bellatrix.json" />
		<Unit filename="starsystem_base/starsystemdef_Bellerophon.json" />
		<Unit filename="starsystem_base/starsystemdef_Bellerophon_Career.json" />
		<Unit filename="starsystem_base/starsystemdef_Bergtatt.json" />
		<Unit filename="starsystem_base/starsystemdef_Bonavista.json" />
		<Unit filename="starsystem_base/starsystemdef_Borden.json" />
		<Unit filename="starsystem_base/starsystemdef_Borka.json" />
		<Unit filename="starsystem_base/starsystemdef_Bringdam.json" />
		<Unit filename="starsystem_base/starsystemdef_Bringdam_Flipped.json" />
		<Unit filename="starsystem_base/starsystemdef_Brinton.json" />
		<Unit filename="starsystem_base/starsystemdef_Brisbane.json" />
		<Unit filename="starsystem_base/starsystemdef_Brixtana.json" />
		<Unit filename="starsystem_base/starsystemdef_Brockway.json" />
		<Unit filename="starsystem_base/starsystemdef_Bromhead.json" />
		<Unit filename="starsystem_base/starsystemdef_BuenosAires.json" />
		<Unit filename="starsystem_base/starsystemdef_Burton.json" />
		<Unit filename="starsystem_base/starsystemdef_Calseraigne.json" />
		<Unit filename="starsystem_base/starsystemdef_Camadeirre.json" />
		<Unit filename="starsystem_base/starsystemdef_Carmichael.json" />
		<Unit filename="starsystem_base/starsystemdef_Carthage.json" />
		<Unit filename="starsystem_base/starsystemdef_Cassilda.json" />
		<Unit filename="starsystem_base/starsystemdef_CatesHold.json" />
		<Unit filename="starsystem_base/starsystemdef_Cavalor.json" />
		<Unit filename="starsystem_base/starsystemdef_Chandan.json" />
		<Unit filename="starsystem_base/starsystemdef_Chennai.json" />
		<Unit filename="starsystem_base/starsystemdef_Claybrooke.json" />
		<Unit filename="starsystem_base/starsystemdef_CluffsStand.json" />
		<Unit filename="starsystem_base/starsystemdef_Columbine.json" />
		<Unit filename="starsystem_base/starsystemdef_Corodiz.json" />
		<Unit filename="starsystem_base/starsystemdef_Coromodir.json" />
		<Unit filename="starsystem_base/starsystemdef_Coromodir_Contested.json" />
		<Unit filename="starsystem_base/starsystemdef_Coromodir_Flipped.json" />
		<Unit filename="starsystem_base/starsystemdef_Cursa.json" />
		<Unit filename="starsystem_base/starsystemdef_Cygnus.json" />
		<Unit filename="starsystem_base/starsystemdef_DainmarMajoris.json" />
		<Unit filename="starsystem_base/starsystemdef_Daol.json" />
		<Unit filename="starsystem_base/starsystemdef_Decatur.json" />
		<Unit filename="starsystem_base/starsystemdef_DesolatePlains.json" />
		<Unit filename="starsystem_base/starsystemdef_Detroit.json" />
		<Unit filename="starsystem_base/starsystemdef_Detroit_Career.json" />
		<Unit filename="starsystem_base/starsystemdef_Dicon.json" />
		<Unit filename="starsystem_base/starsystemdef_Diefenbaker.json" />
		<Unit filename="starsystem_base/starsystemdef_Drozan.json" />
		<Unit filename="starsystem_base/starsystemdef_Dunianshire.json" />
		<Unit filename="starsystem_base/starsystemdef_EarlyDawn.json" />
		<Unit filename="starsystem_base/starsystemdef_Egress.json" />
		<Unit filename="starsystem_base/starsystemdef_Electra.json" />
		<Unit filename="starsystem_base/starsystemdef_Enkra.json" />
		<Unit filename="starsystem_base/starsystemdef_Enkra_Flipped.json" />
		<Unit filename="starsystem_base/starsystemdef_Espia.json" />
		<Unit filename="starsystem_base/starsystemdef_Fagerholm.json" />
		<Unit filename="starsystem_base/starsystemdef_Fjaldr.json" />
		<Unit filename="starsystem_base/starsystemdef_Fjaldr_Flipped.json" />
		<Unit filename="starsystem_base/starsystemdef_FlannagansNebulea.json" />
		<Unit filename="starsystem_base/starsystemdef_Flaum.json" />
		<Unit filename="starsystem_base/starsystemdef_Flintoft.json" />
		<Unit filename="starsystem_base/starsystemdef_Frazer.json" />
		<Unit filename="starsystem_base/starsystemdef_Fronc.json" />
		<Unit filename="starsystem_base/starsystemdef_Gangtok.json" />
		<Unit filename="starsystem_base/starsystemdef_Gangtok_Flipped.json" />
		<Unit filename="starsystem_base/starsystemdef_Gardnaus.json" />
		<Unit filename="starsystem_base/starsystemdef_Gaucin.json" />
		<Unit filename="starsystem_base/starsystemdef_Ghorepani.json" />
		<Unit filename="starsystem_base/starsystemdef_Girondas.json" />
		<Unit filename="starsystem_base/starsystemdef_Glentworth.json" />
		<Unit filename="starsystem_base/starsystemdef_Granera.json" />
		<Unit filename="starsystem_base/starsystemdef_Guldra.json" />
		<Unit filename="starsystem_base/starsystemdef_Guldra_Contested.json" />
		<Unit filename="starsystem_base/starsystemdef_Guldra_Flipped.json" />
		<Unit filename="starsystem_base/starsystemdef_Gunthar.json" />
		<Unit filename="starsystem_base/starsystemdef_Hastur.json" />
		<Unit filename="starsystem_base/starsystemdef_Heliat.json" />
		<Unit filename="starsystem_base/starsystemdef_Heliat_Flipped.json" />
		<Unit filename="starsystem_base/starsystemdef_Hellespont.json" />
		<Unit filename="starsystem_base/starsystemdef_Herotitus.json" />
		<Unit filename="starsystem_base/starsystemdef_Hibuarius.json" />
		<Unit filename="starsystem_base/starsystemdef_Horsham.json" />
		<Unit filename="starsystem_base/starsystemdef_Hurik.json" />
		<Unit filename="starsystem_base/starsystemdef_Ichlangis.json" />
		<Unit filename="starsystem_base/starsystemdef_Ichlangis_Flipped.json" />
		<Unit filename="starsystem_base/starsystemdef_Illiushin.json" />
		<Unit filename="starsystem_base/starsystemdef_Independence.json" />
		<Unit filename="starsystem_base/starsystemdef_Ingonish.json" />
		<Unit filename="starsystem_base/starsystemdef_Ishtar.json" />
		<Unit filename="starsystem_base/starsystemdef_Itica.json" />
		<Unit filename="starsystem_base/starsystemdef_Itrom.json" />
		<Unit filename="starsystem_base/starsystemdef_Itrom_Contested.json" />
		<Unit filename="starsystem_base/starsystemdef_Itrom_Flipped.json" />
		<Unit filename="starsystem_base/starsystemdef_Itsbur.json" />
		<Unit filename="starsystem_base/starsystemdef_Jacomarle.json" />
		<Unit filename="starsystem_base/starsystemdef_Jacson.json" />
		<Unit filename="starsystem_base/starsystemdef_Jamestown.json" />
		<Unit filename="starsystem_base/starsystemdef_JansensHold.json" />
		<Unit filename="starsystem_base/starsystemdef_Joppa.json" />
		<Unit filename="starsystem_base/starsystemdef_Katinka.json" />
		<Unit filename="starsystem_base/starsystemdef_Katinka_Contested.json" />
		<Unit filename="starsystem_base/starsystemdef_Katinka_Flipped.json" />
		<Unit filename="starsystem_base/starsystemdef_Katla.json" />
		<Unit filename="starsystem_base/starsystemdef_Kazu.json" />
		<Unit filename="starsystem_base/starsystemdef_Kern.json" />
		<Unit filename="starsystem_base/starsystemdef_Kimi.json" />
		<Unit filename="starsystem_base/starsystemdef_Krakatau.json" />
		<Unit filename="starsystem_base/starsystemdef_Kurvasa.json" />
		<Unit filename="starsystem_base/starsystemdef_Laconis.json" />
		<Unit filename="starsystem_base/starsystemdef_Landmark.json" />
		<Unit filename="starsystem_base/starsystemdef_Larsha.json" />
		<Unit filename="starsystem_base/starsystemdef_Leyda.json" />
		<Unit filename="starsystem_base/starsystemdef_Lindsay.json" />
		<Unit filename="starsystem_base/starsystemdef_Linhauiguan.json" />
		<Unit filename="starsystem_base/starsystemdef_LiusMemory.json" />
		<Unit filename="starsystem_base/starsystemdef_Lochmantle.json" />
		<Unit filename="starsystem_base/starsystemdef_Lopez.json" />
		<Unit filename="starsystem_base/starsystemdef_Lucknow.json" />
		<Unit filename="starsystem_base/starsystemdef_Lurgatan.json" />
		<Unit filename="starsystem_base/starsystemdef_Lyreton.json" />
		<Unit filename="starsystem_base/starsystemdef_MacLeodsLand.json" />
		<Unit filename="starsystem_base/starsystemdef_Madras.json" />
		<Unit filename="starsystem_base/starsystemdef_Maia.json" />
		<Unit filename="starsystem_base/starsystemdef_Maldive.json" />
		<Unit filename="starsystem_base/starsystemdef_Mandalas.json" />
		<Unit filename="starsystem_base/starsystemdef_Mangzhangdian.json" />
		<Unit filename="starsystem_base/starsystemdef_Mangzhangdian_Flipped.json" />
		<Unit filename="starsystem_base/starsystemdef_Mantharaka.json" />
		<Unit filename="starsystem_base/starsystemdef_Mattisskogen.json" />
		<Unit filename="starsystem_base/starsystemdef_Mazdru.json" />
		<Unit filename="starsystem_base/starsystemdef_McevansSacrifice.json" />
		<Unit filename="starsystem_base/starsystemdef_Mechdur.json" />
		<Unit filename="starsystem_base/starsystemdef_Mechdur_Flipped.json" />
		<Unit filename="starsystem_base/starsystemdef_Mendham.json" />
		<Unit filename="starsystem_base/starsystemdef_Menke.json" />
		<Unit filename="starsystem_base/starsystemdef_Merdal.json" />
		<Unit filename="starsystem_base/starsystemdef_Merlin.json" />
		<Unit filename="starsystem_base/starsystemdef_Merope.json" />
		<Unit filename="starsystem_base/starsystemdef_Midale.json" />
		<Unit filename="starsystem_base/starsystemdef_Midthun.json" />
		<Unit filename="starsystem_base/starsystemdef_Mitchel.json" />
		<Unit filename="starsystem_base/starsystemdef_Mithron.json" />
		<Unit filename="starsystem_base/starsystemdef_Muridox.json" />
		<Unit filename="starsystem_base/starsystemdef_Murris.json" />
		<Unit filename="starsystem_base/starsystemdef_Mystras.json" />
		<Unit filename="starsystem_base/starsystemdef_Naryn.json" />
		<Unit filename="starsystem_base/starsystemdef_NewAbilene.json" />
		<Unit filename="starsystem_base/starsystemdef_NewGanymede.json" />
		<Unit filename="starsystem_base/starsystemdef_NewRoland.json" />
		<Unit filename="starsystem_base/starsystemdef_NewVallis.json" />
		<Unit filename="starsystem_base/starsystemdef_NewVandenburg.json" />
		<Unit filename="starsystem_base/starsystemdef_Niomede.json" />
		<Unit filename="starsystem_base/starsystemdef_NonDiz.json" />
		<Unit filename="starsystem_base/starsystemdef_Nukus.json" />
		<Unit filename="starsystem_base/starsystemdef_Ordino.json" />
		<Unit filename="starsystem_base/starsystemdef_Paf.json" />
		<Unit filename="starsystem_base/starsystemdef_Panzyr.json" />
		<Unit filename="starsystem_base/starsystemdef_Panzyr_Contested.json" />
		<Unit filename="starsystem_base/starsystemdef_Panzyr_Flipped.json" />
		<Unit filename="starsystem_base/starsystemdef_Payia.json" />
		<Unit filename="starsystem_base/starsystemdef_Pell.json" />
		<Unit filename="starsystem_base/starsystemdef_Peratallada.json" />
		<Unit filename="starsystem_base/starsystemdef_Pernik.json" />
		<Unit filename="starsystem_base/starsystemdef_Pilpala.json" />
		<Unit filename="starsystem_base/starsystemdef_Pinard.json" />
		<Unit filename="starsystem_base/starsystemdef_Piriapolis.json" />
		<Unit filename="starsystem_base/starsystemdef_Pojos.json" />
		<Unit filename="starsystem_base/starsystemdef_Portland.json" />
		<Unit filename="starsystem_base/starsystemdef_Primus.json" />
		<Unit filename="starsystem_base/starsystemdef_Principia.json" />
		<Unit filename="starsystem_base/starsystemdef_Prix.json" />
		<Unit filename="starsystem_base/starsystemdef_Pyrrhus.json" />
		<Unit filename="starsystem_base/starsystemdef_Qalzi.json" />
		<Unit filename="starsystem_base/starsystemdef_Qalzi_Flipped.json" />
		<Unit filename="starsystem_base/starsystemdef_Quimberton.json" />
		<Unit filename="starsystem_base/starsystemdef_RegisRoost.json" />
		<Unit filename="starsystem_base/starsystemdef_RegisRoost_Contested.json" />
		<Unit filename="starsystem_base/starsystemdef_RegisRoost_Flipped.json" />
		<Unit filename="starsystem_base/starsystemdef_Renfield.json" />
		<Unit filename="starsystem_base/starsystemdef_Renown.json" />
		<Unit filename="starsystem_base/starsystemdef_Repulse.json" />
		<Unit filename="starsystem_base/starsystemdef_Ridgebrook.json" />
		<Unit filename="starsystem_base/starsystemdef_Robsart.json" />
		<Unit filename="starsystem_base/starsystemdef_Rockwellawan.json" />
		<Unit filename="starsystem_base/starsystemdef_Rollis.json" />
		<Unit filename="starsystem_base/starsystemdef_Rosendal.json" />
		<Unit filename="starsystem_base/starsystemdef_RyansFate.json" />
		<Unit filename="starsystem_base/starsystemdef_RyansFate_Flipped.json" />
		<Unit filename="starsystem_base/starsystemdef_Ryerson.json" />
		<Unit filename="starsystem_base/starsystemdef_Sacromonte.json" />
		<Unit filename="starsystem_base/starsystemdef_Sadurni.json" />
		<Unit filename="starsystem_base/starsystemdef_Salardion.json" />
		<Unit filename="starsystem_base/starsystemdef_Samantha.json" />
		<Unit filename="starsystem_base/starsystemdef_Sax.json" />
		<Unit filename="starsystem_base/starsystemdef_Segerica.json" />
		<Unit filename="starsystem_base/starsystemdef_Shaun.json" />
		<Unit filename="starsystem_base/starsystemdef_Shaunavon.json" />
		<Unit filename="starsystem_base/starsystemdef_Shiba.json" />
		<Unit filename="starsystem_base/starsystemdef_Sindalin.json" />
		<Unit filename="starsystem_base/starsystemdef_Smithon.json" />
		<Unit filename="starsystem_base/starsystemdef_Smithon_Contested.json" />
		<Unit filename="starsystem_base/starsystemdef_Smithon_Flipped.json" />
		<Unit filename="starsystem_base/starsystemdef_Spencer.json" />
		<Unit filename="starsystem_base/starsystemdef_Spitz.json" />
		<Unit filename="starsystem_base/starsystemdef_Sunnywood.json" />
		<Unit filename="starsystem_base/starsystemdef_Tarragona.json" />
		<Unit filename="starsystem_base/starsystemdef_Taurus.json" />
		<Unit filename="starsystem_base/starsystemdef_Thurrock.json" />
		<Unit filename="starsystem_base/starsystemdef_Tincalunas.json" />
		<Unit filename="starsystem_base/starsystemdef_Tiverton.json" />
		<Unit filename="starsystem_base/starsystemdef_Turin.json" />
		<Unit filename="starsystem_base/starsystemdef_Tyrlon.json" />
		<Unit filename="starsystem_base/starsystemdef_Tyrlon_Contested.json" />
		<Unit filename="starsystem_base/starsystemdef_Tyrlon_Flipped.json" />
		<Unit filename="starsystem_base/starsystemdef_Umgard.json" />
		<Unit filename="starsystem_base/starsystemdef_Umgard_Flipped.json" />
		<Unit filename="starsystem_base/starsystemdef_Untran.json" />
		<Unit filename="starsystem_base/starsystemdef_UrCruinne.json" />
		<Unit filename="starsystem_base/starsystemdef_UrCruinne_Career.json" />
		<Unit filename="starsystem_base/starsystemdef_Valdives.json" />
		<Unit filename="starsystem_base/starsystemdef_Vard.json" />
		<Unit filename="starsystem_base/starsystemdef_Victoria.json" />
		<Unit filename="starsystem_base/starsystemdef_Villanueva.json" />
		<Unit filename="starsystem_base/starsystemdef_Viribium.json" />
		<Unit filename="starsystem_base/starsystemdef_Ward.json" />
		<Unit filename="starsystem_base/starsystemdef_Weitinger.json" />
		<Unit filename="starsystem_base/starsystemdef_Weldry.json" />
		<Unit filename="starsystem_base/starsystemdef_Weldry_Contested.json" />
		<Unit filename="starsystem_base/starsystemdef_Weldry_Flipped.json" />
		<Unit filename="starsystem_base/starsystemdef_Wrentham.json" />
		<Unit filename="starsystem_base/starsystemdef_WyethsGlory.json" />
		<Unit filename="starsystem_base/starsystemdef_XantheIII.json" />
		<Unit filename="starsystem_base/starsystemdef_Yuris.json" />
		<Unit filename="starsystem_base/starsystemdef_Zangul.json" />
		<Unit filename="starsystem_base/starsystemdef_Zangul_Flipped.json" />
		<Unit filename="starsystem_base/starsystemdef_Zanzibar.json" />
		<Unit filename="starsystem_base/starsystemdef_Zathras.json" />
		<Unit filename="tags/PlanetNameTags.json" />
		<Unit filename="tags/PlanetTags.json" />
		<Unit filename="upgrades/Gear_Actuator_Spinfang_Stomper_0.json" />
		<Unit filename="upgrades/Gear_Actuator_Spinfang_Stomper_1.json" />
		<Unit filename="upgrades/Gear_Actuator_Spinfang_Stomper_2.json" />
		<Unit filename="upgrades/Gear_Actuator_Spinfang_Stomper_3.json" />
		<Unit filename="upgrades/Gear_Actuator_Spinfang_Stomper_4.json" />
		<Unit filename="upgrades/Gear_Actuator_Spinfang_Stomper_5.json" />
		<Unit filename="upgrades/Gear_Cockpit_Armor_0.json" />
		<Unit filename="upgrades/Gear_Cockpit_Armor_1.json" />
		<Unit filename="upgrades/Gear_Cockpit_Armor_2.json" />
		<Unit filename="upgrades/Gear_Cockpit_Armor_3.json" />
		<Unit filename="upgrades/Gear_Cockpit_Sensor_Array.json" />
		<Unit filename="upgrades/Gear_Cockpit_Sensor_Array_1.json" />
		<Unit filename="upgrades/Gear_Cockpit_Sensor_Array_2.json" />
		<Unit filename="upgrades/Gear_Cockpit_Sensor_Array_3.json" />
		<Unit filename="upgrades/Gear_Cockpit_Sensor_Array_4.json" />
		<Unit filename="upgrades/Gear_Cockpit_Sensor_Array_5.json" />
		<Unit filename="upgrades/Gear_Cockpit_Sensor_Module.json" />
		<Unit filename="upgrades/Gear_Cockpit_Sensor_Module_1.json" />
		<Unit filename="upgrades/Gear_Cockpit_Sensor_Module_2.json" />
		<Unit filename="upgrades/Gear_Cockpit_Sensor_Module_3.json" />
		<Unit filename="upgrades/Gear_Cockpit_Sensor_Module_4.json" />
		<Unit filename="upgrades/Gear_Cockpit_Sensor_Module_5.json" />
		<Unit filename="upgrades/Gear_Engine_SpeedEnhance_0.json" />
		<Unit filename="upgrades/Gear_Engine_SpeedEnhance_1.json" />
		<Unit filename="upgrades/Gear_Engine_SpeedEnhance_2.json" />
		<Unit filename="upgrades/Gear_Engine_SpeedEnhance_3.json" />
		<Unit filename="upgrades/Gear_Engine_SpeedEnhance_4.json" />
		<Unit filename="upgrades/Gear_Engine_SpeedEnhance_5.json" />
		<Unit filename="upgrades/Gear_ForceField_0.json" />
		<Unit filename="upgrades/Gear_ForceField_1.json" />
		<Unit filename="upgrades/Gear_ForceField_2.json" />
		<Unit filename="upgrades/Gear_ForceField_3.json" />
		<Unit filename="upgrades/Gear_ForceField_4.json" />
		<Unit filename="upgrades/Gear_ForceField_5.json" />
		<Unit filename="upgrades/Gear_General_Response_Facilitator.json" />
		<Unit filename="upgrades/Gear_Jumpjet_Accelerator.json" />
		<Unit filename="upgrades/Gear_Jumpjet_Accelerator_1.json" />
		<Unit filename="upgrades/Gear_Jumpjet_Accelerator_2.json" />
		<Unit filename="upgrades/Gear_Jumpjet_Accelerator_3.json" />
		<Unit filename="upgrades/Gear_Jumpjet_Accelerator_4.json" />
		<Unit filename="upgrades/Gear_Jumpjet_Accelerator_5.json" />
		<Unit filename="upgrades/Gear_TargetingComputer_Ballistic.json" />
		<Unit filename="upgrades/Gear_TargetingComputer_Ballistic_1.json" />
		<Unit filename="upgrades/Gear_TargetingComputer_Ballistic_2.json" />
		<Unit filename="upgrades/Gear_TargetingComputer_Ballistic_3.json" />
		<Unit filename="upgrades/Gear_TargetingComputer_Ballistic_4.json" />
		<Unit filename="upgrades/Gear_TargetingComputer_Ballistic_5.json" />
		<Unit filename="upgrades/Gear_TargetingComputer_Energy.json" />
		<Unit filename="upgrades/Gear_TargetingComputer_Energy_1.json" />
		<Unit filename="upgrades/Gear_TargetingComputer_Energy_2.json" />
		<Unit filename="upgrades/Gear_TargetingComputer_Energy_3.json" />
		<Unit filename="upgrades/Gear_TargetingComputer_Energy_4.json" />
		<Unit filename="upgrades/Gear_TargetingComputer_Energy_5.json" />
		<Unit filename="upgrades/Gear_TargetingComputer_Missle.json" />
		<Unit filename="upgrades/Gear_TargetingComputer_Missle_1.json" />
		<Unit filename="upgrades/Gear_TargetingComputer_Missle_2.json" />
		<Unit filename="upgrades/Gear_TargetingComputer_Missle_3.json" />
		<Unit filename="upgrades/Gear_TargetingComputer_Missle_4.json" />
		<Unit filename="upgrades/Gear_TargetingComputer_Missle_5.json" />
		<Unit filename="upgrades/Gear_TargetingComputer_Support.json" />
		<Unit filename="upgrades/Gear_TargetingComputer_Support_1.json" />
		<Unit filename="upgrades/Gear_TargetingComputer_Support_2.json" />
		<Unit filename="upgrades/Gear_TargetingComputer_Support_3.json" />
		<Unit filename="upgrades/Gear_TargetingComputer_Support_4.json" />
		<Unit filename="upgrades/Gear_TargetingComputer_Support_5.json" />
		<Unit filename="upgrades/Gear_TargetingJammer.json" />
		<Unit filename="upgrades/Gear_TargetingJammer_1.json" />
		<Unit filename="upgrades/Gear_TargetingJammer_2.json" />
		<Unit filename="upgrades/Gear_TargetingJammer_3.json" />
		<Unit filename="upgrades/Gear_TargetingJammer_4.json" />
		<Unit filename="upgrades/Gear_TargetingJammer_5.json" />
		<Unit filename="weapon/Weapon_DualLaser_LargeLaser_0-Westonmach.json" />
		<Unit filename="weapon/Weapon_DualLaser_LargeLaser_1-Westonmach.json" />
		<Unit filename="weapon/Weapon_DualLaser_LargeLaser_2-Westonmach.json" />
		<Unit filename="weapon/Weapon_DualLaser_LargeLaser_3-Westonmach.json" />
		<Unit filename="weapon/Weapon_DualLaser_LargeLaser_4-Westonmach.json" />
		<Unit filename="weapon/Weapon_DualLaser_LargeLaser_5-Westonmach.json" />
		<Unit filename="weapon/Weapon_DualLaser_MediumLaser_0-Westonmach.json" />
		<Unit filename="weapon/Weapon_DualLaser_MediumLaser_1-Westonmach.json" />
		<Unit filename="weapon/Weapon_DualLaser_MediumLaser_2-Westonmach.json" />
		<Unit filename="weapon/Weapon_DualLaser_MediumLaser_3-Westonmach.json" />
		<Unit filename="weapon/Weapon_DualLaser_MediumLaser_4-Westonmach.json" />
		<Unit filename="weapon/Weapon_DualLaser_MediumLaser_5-Westonmach.json" />
		<Unit filename="weapon/Weapon_DualLaser_SmallLaser_0-Westonmach.json" />
		<Unit filename="weapon/Weapon_DualLaser_SmallLaser_1-Westonmach.json" />
		<Unit filename="weapon/Weapon_DualLaser_SmallLaser_2-Westonmach.json" />
		<Unit filename="weapon/Weapon_DualLaser_SmallLaser_3-Westonmach.json" />
		<Unit filename="weapon/Weapon_DualLaser_SmallLaser_4-Westonmach.json" />
		<Unit filename="weapon/Weapon_DualLaser_SmallLaser_5-Westonmach.json" />
		<Unit filename="weapon/Weapon_DualLaser_UltraLaser_0-Westonmach.json" />
		<Unit filename="weapon/Weapon_DualLaser_UltraLaser_1-Westonmach.json" />
		<Unit filename="weapon/Weapon_DualLaser_UltraLaser_2-Westonmach.json" />
		<Unit filename="weapon/Weapon_DualLaser_UltraLaser_3-Westonmach.json" />
		<Unit filename="weapon/Weapon_DualLaser_UltraLaser_4-Westonmach.json" />
		<Unit filename="weapon/Weapon_DualLaser_UltraLaser_5-Westonmach.json" />
		<Unit filename="weapon/Weapon_DualLaser_UltraLaser_6-Westonmach.json" />
		<Unit filename="weapon/Weapon_DualLaser_UltraLaser_7-Westonmach.json" />
		<Unit filename="weapon/Weapon_DualLaser_UltraLaser_8-Westonmach.json" />
		<Unit filename="weapon/Weapon_DualLaser_UltraLaser_9-Westonmach.json" />
		<Unit filename="weapon/Weapon_JoltexCannon_Large_0-Westonmach.json" />
		<Unit filename="weapon/Weapon_JoltexCannon_Large_1-Westonmach.json" />
		<Unit filename="weapon/Weapon_JoltexCannon_Large_2-Westonmach.json" />
		<Unit filename="weapon/Weapon_JoltexCannon_Large_3-Westonmach.json" />
		<Unit filename="weapon/Weapon_JoltexCannon_Large_4-Westonmach.json" />
		<Unit filename="weapon/Weapon_JoltexCannon_Large_5-Westonmach.json" />
		<Unit filename="weapon/Weapon_JoltexCannon_Large_6-Westonmach.json" />
		<Unit filename="weapon/Weapon_JoltexCannon_Large_7-Westonmach.json" />
		<Unit filename="weapon/Weapon_JoltexCannon_Large_8-Westonmach.json" />
		<Unit filename="weapon/Weapon_JoltexCannon_Large_9-Westonmach.json" />
		<Unit filename="weapon/Weapon_JoltexCannon_Medium_0-Westonmach.json" />
		<Unit filename="weapon/Weapon_JoltexCannon_Medium_1-Westonmach.json" />
		<Unit filename="weapon/Weapon_JoltexCannon_Medium_2-Westonmach.json" />
		<Unit filename="weapon/Weapon_JoltexCannon_Medium_3-Westonmach.json" />
		<Unit filename="weapon/Weapon_JoltexCannon_Medium_4-Westonmach.json" />
		<Unit filename="weapon/Weapon_JoltexCannon_Medium_5-Westonmach.json" />
		<Unit filename="weapon/Weapon_JoltexCannon_Medium_6-Westonmach.json" />
		<Unit filename="weapon/Weapon_JoltexCannon_Medium_7-Westonmach.json" />
		<Unit filename="weapon/Weapon_JoltexCannon_Medium_8-Westonmach.json" />
		<Unit filename="weapon/Weapon_JoltexCannon_Medium_9-Westonmach.json" />
		<Unit filename="weapon/Weapon_JoltexCannon_Small_0-Westonmach.json" />
		<Unit filename="weapon/Weapon_JoltexCannon_Small_1-Westonmach.json" />
		<Unit filename="weapon/Weapon_JoltexCannon_Small_2-Westonmach.json" />
		<Unit filename="weapon/Weapon_JoltexCannon_Small_3-Westonmach.json" />
		<Unit filename="weapon/Weapon_JoltexCannon_Small_4-Westonmach.json" />
		<Unit filename="weapon/Weapon_JoltexCannon_Small_5-Westonmach.json" />
		<Unit filename="weapon/Weapon_JoltexCannon_Small_6-Westonmach.json" />
		<Unit filename="weapon/Weapon_JoltexCannon_Small_7-Westonmach.json" />
		<Unit filename="weapon/Weapon_JoltexCannon_Small_8-Westonmach.json" />
		<Unit filename="weapon/Weapon_JoltexCannon_Small_9-Westonmach.json" />
		<Unit filename="weapon/Weapon_JoltexCannon_Ultra_0-Westonmach.json" />
		<Unit filename="weapon/Weapon_JoltexCannon_Ultra_1-Westonmach.json" />
		<Unit filename="weapon/Weapon_JoltexCannon_Ultra_2-Westonmach.json" />
		<Unit filename="weapon/Weapon_JoltexCannon_Ultra_3-Westonmach.json" />
		<Unit filename="weapon/Weapon_JoltexCannon_Ultra_4-Westonmach.json" />
		<Unit filename="weapon/Weapon_JoltexCannon_Ultra_5-Westonmach.json" />
		<Unit filename="weapon/Weapon_JoltexCannon_Ultra_6-Westonmach.json" />
		<Unit filename="weapon/Weapon_JoltexCannon_Ultra_7-Westonmach.json" />
		<Unit filename="weapon/Weapon_JoltexCannon_Ultra_8-Westonmach.json" />
		<Unit filename="weapon/Weapon_JoltexCannon_Ultra_9-Westonmach.json" />
		<Unit filename="weapon/Weapon_Korvaxx_EC_0-Westonmach.json" />
		<Unit filename="weapon/Weapon_Korvaxx_EC_1-Westonmach.json" />
		<Unit filename="weapon/Weapon_Korvaxx_EC_2-Westonmach.json" />
		<Unit filename="weapon/Weapon_Korvaxx_EC_3-Westonmach.json" />
		<Unit filename="weapon/Weapon_Korvaxx_EC_4-Westonmach.json" />
		<Unit filename="weapon/Weapon_Korvaxx_EC_5-Westonmach.json" />
		<Unit filename="weapon/Weapon_LRM_DFIM2_0-Westonmach.json" />
		<Unit filename="weapon/Weapon_LRM_DFIM5_0-Westonmach.json" />
		<Unit filename="weapon/Weapon_LRM_DFIM5_1-Westonmach.json" />
		<Unit filename="weapon/Weapon_LRM_DFIM5_2-Westonmach.json" />
		<Unit filename="weapon/Weapon_LRM_DFIM5_3-Westonmach.json" />
		<Unit filename="weapon/Weapon_LRM_DFIM5_4-Westonmach.json" />
		<Unit filename="weapon/Weapon_LRM_DFIM5_5-Westonmach.json" />
		<Unit filename="weapon/Weapon_LRM_DFIM5_6-Westonmach.json" />
		<Unit filename="weapon/Weapon_LRM_DFIM5_7-Westonmach.json" />
		<Unit filename="weapon/Weapon_LRM_DFIM5_8-Westonmach.json" />
		<Unit filename="weapon/Weapon_LRM_DFIM5_9-Westonmach.json" />
		<Unit filename="weapon/Weapon_LRM_DFMM2_0-Westonmach.json" />
		<Unit filename="weapon/Weapon_LRM_DFMM5_0-Westonmach.json" />
		<Unit filename="weapon/Weapon_LRM_DFMM5_1-Westonmach.json" />
		<Unit filename="weapon/Weapon_LRM_DFMM5_2-Westonmach.json" />
		<Unit filename="weapon/Weapon_LRM_DFMM5_3-Westonmach.json" />
		<Unit filename="weapon/Weapon_LRM_DFMM5_4-Westonmach.json" />
		<Unit filename="weapon/Weapon_LRM_DFMM5_5-Westonmach.json" />
		<Unit filename="weapon/Weapon_LRM_DFMM5_6-Westonmach.json" />
		<Unit filename="weapon/Weapon_LRM_DFMM5_7-Westonmach.json" />
		<Unit filename="weapon/Weapon_LRM_DFMM5_8-Westonmach.json" />
		<Unit filename="weapon/Weapon_LRM_DFMM5_9-Westonmach.json" />
		<Unit filename="weapon/Weapon_Laser_SmallLaserPulse_3-Westonmach.json" />
		<Unit filename="weapon/Weapon_Laser_ThermalLaser_0-Westonmach.json" />
		<Unit filename="weapon/Weapon_Laser_ThermalLaser_1-Westonmach.json" />
		<Unit filename="weapon/Weapon_Laser_ThermalLaser_2-Westonmach.json" />
		<Unit filename="weapon/Weapon_Laser_ThermalLaser_3-Westonmach.json" />
		<Unit filename="weapon/Weapon_Laser_ThermalLaser_4-Westonmach.json" />
		<Unit filename="weapon/Weapon_Laser_ThermalLaser_5-Westonmach.json" />
		<Unit filename="weapon/Weapon_Laser_UltraLaser_0-Westonmach.json" />
		<Unit filename="weapon/Weapon_Laser_UltraLaser_1-Westonmach.json" />
		<Unit filename="weapon/Weapon_Laser_UltraLaser_2-Westonmach.json" />
		<Unit filename="weapon/Weapon_Laser_UltraLaser_3-Westonmach.json" />
		<Unit filename="weapon/Weapon_MachineGun_Defender_0-Westonmach.json" />
		<Unit filename="weapon/Weapon_MachineGun_Defender_1-Westonmach.json" />
		<Unit filename="weapon/Weapon_MachineGun_Defender_2-Westonmach.json" />
		<Unit filename="weapon/Weapon_MachineGun_Defender_3-Westonmach.json" />
		<Unit filename="weapon/Weapon_MachineGun_Defender_4-Westonmach.json" />
		<Unit filename="weapon/Weapon_MachineGun_Defender_5-Westonmach.json" />
		<Unit filename="weapon/Weapon_MachineGun_Defender_6-Westonmach.json" />
		<Unit filename="weapon/Weapon_MachineGun_Defender_7-Westonmach.json" />
		<Unit filename="weapon/Weapon_MachineGun_Defender_8-Westonmach.json" />
		<Unit filename="weapon/Weapon_MachineGun_Defender_9-Westonmach.json" />
		<Unit filename="weapon/Weapon_Plasma_PAC_0-Westonmach.json" />
		<Unit filename="weapon/Weapon_Plasma_PAC_1-Westonmach.json" />
		<Unit filename="weapon/Weapon_Plasma_PAC_2-Westonmach.json" />
		<Unit filename="weapon/Weapon_Plasma_PAC_3-Westonmach.json" />
		<Unit filename="weapon/Weapon_Plasma_PAC_4-Westonmach.json" />
		<Unit filename="weapon/Weapon_Plasma_PAC_5-Westonmach.json" />
		<Unit filename="weapon/Weapon_Plasma_PHAC_0-Westonmach.json" />
		<Unit filename="weapon/Weapon_Plasma_PHAC_1-Westonmach.json" />
		<Unit filename="weapon/Weapon_Plasma_PHAC_2-Westonmach.json" />
		<Unit filename="weapon/Weapon_Plasma_PHAC_3-Westonmach.json" />
		<Unit filename="weapon/Weapon_Plasma_PHAC_4-Westonmach.json" />
		<Unit filename="weapon/Weapon_Plasma_PHAC_5-Westonmach.json" />
		<Unit filename="weapon/Weapon_Reaper_AC_Heavy.json" />
		<Unit filename="weapon/Weapon_Reaper_AC_Heavy_1.json" />
		<Unit filename="weapon/Weapon_Reaper_AC_Light.json" />
		<Unit filename="weapon/Weapon_Reaper_AC_Light_1.json" />
		<Unit filename="weapon/Weapon_Reaper_AC_Sniper.json" />
		<Unit filename="weapon/Weapon_Reaper_AC_Sniper_1.json" />
		<Unit filename="weapon/Weapon_Reaper_UAC_Heavy.json" />
		<Unit filename="weapon/Weapon_Reaper_UAC_Heavy_1.json" />
		<Unit filename="weapon/Weapon_Reaper_UAC_Heavy_2.json" />
		<Unit filename="weapon/Weapon_Reaper_UAC_Heavy_3.json" />
		<Unit filename="weapon/Weapon_Reaper_UAC_Heavy_4.json" />
		<Unit filename="weapon/Weapon_Reaper_UAC_Heavy_5.json" />
		<Unit filename="weapon/Weapon_Reaper_UAC_Heavy_6.json" />
		<Unit filename="weapon/Weapon_Reaper_UAC_Heavy_7.json" />
		<Unit filename="weapon/Weapon_Reaper_UAC_Heavy_8.json" />
		<Unit filename="weapon/Weapon_Reaper_UAC_Heavy_9.json" />
		<Unit filename="weapon/Weapon_Reaper_UAC_Light.json" />
		<Unit filename="weapon/Weapon_Reaper_UAC_Light_1.json" />
		<Unit filename="weapon/Weapon_Reaper_UAC_Light_2.json" />
		<Unit filename="weapon/Weapon_Reaper_UAC_Light_3.json" />
		<Unit filename="weapon/Weapon_Reaper_UAC_Light_4.json" />
		<Unit filename="weapon/Weapon_Reaper_UAC_Light_5.json" />
		<Unit filename="weapon/Weapon_Reaper_UAC_Light_6.json" />
		<Unit filename="weapon/Weapon_Reaper_UAC_Light_7.json" />
		<Unit filename="weapon/Weapon_Reaper_UAC_Light_8.json" />
		<Unit filename="weapon/Weapon_Reaper_UAC_Light_9.json" />
		<Unit filename="weapon/Weapon_Reaper_UAC_Sniper.json" />
		<Unit filename="weapon/Weapon_Reaper_UAC_Sniper_1.json" />
		<Unit filename="weapon/Weapon_Reaper_UAC_Sniper_2.json" />
		<Unit filename="weapon/Weapon_Reaper_UAC_Sniper_3.json" />
		<Unit filename="weapon/Weapon_Reaper_UAC_Sniper_4.json" />
		<Unit filename="weapon/Weapon_Reaper_UAC_Sniper_5.json" />
		<Unit filename="weapon/Weapon_Reaper_UAC_Sniper_6.json" />
		<Unit filename="weapon/Weapon_Reaper_UAC_Sniper_7.json" />
		<Unit filename="weapon/Weapon_Reaper_UAC_Sniper_8.json" />
		<Unit filename="weapon/Weapon_Reaper_UAC_Sniper_9.json" />
		<Unit filename="weapon/Weapon_Shotgun_Rager_Large_Buckshot_Cannon_0-Westonmach.json" />
		<Unit filename="weapon/Weapon_Shotgun_Rager_Large_Buckshot_Cannon_1-Westonmach.json" />
		<Unit filename="weapon/Weapon_Shotgun_Rager_Large_Buckshot_Cannon_2-Westonmach.json" />
		<Unit filename="weapon/Weapon_Shotgun_Rager_Large_Buckshot_Cannon_3-Westonmach.json" />
		<Unit filename="weapon/Weapon_Shotgun_Rager_Large_Buckshot_Cannon_4-Westonmach.json" />
		<Unit filename="weapon/Weapon_Shotgun_Rager_Large_Buckshot_Cannon_5-Westonmach.json" />
		<Unit filename="weapon/Weapon_Shotgun_Rager_Medium_Buckshot_Cannon_0-Westonmach.json" />
		<Unit filename="weapon/Weapon_Shotgun_Rager_Medium_Buckshot_Cannon_1-Westonmach.json" />
		<Unit filename="weapon/Weapon_Shotgun_Rager_Medium_Buckshot_Cannon_2-Westonmach.json" />
		<Unit filename="weapon/Weapon_Shotgun_Rager_Medium_Buckshot_Cannon_3-Westonmach.json" />
		<Unit filename="weapon/Weapon_Shotgun_Rager_Medium_Buckshot_Cannon_4-Westonmach.json" />
		<Unit filename="weapon/Weapon_Shotgun_Rager_Medium_Buckshot_Cannon_5-Westonmach.json" />
		<Unit filename="weapon/Weapon_Shotgun_Rager_Small_Buckshot_Cannon_0-Westonmach.json" />
		<Unit filename="weapon/Weapon_Shotgun_Rager_Small_Buckshot_Cannon_1-Westonmach.json" />
		<Unit filename="weapon/Weapon_Shotgun_Rager_Small_Buckshot_Cannon_2-Westonmach.json" />
		<Unit filename="weapon/Weapon_Shotgun_Rager_Small_Buckshot_Cannon_3-Westonmach.json" />
		<Unit filename="weapon/Weapon_Shotgun_Rager_Small_Buckshot_Cannon_4-Westonmach.json" />
		<Unit filename="weapon/Weapon_Shotgun_Rager_Small_Buckshot_Cannon_5-Westonmach.json" />
		<Unit filename="weapon/Weapon_ViperRocket_1_0-Westonmach.json" />
		<Unit filename="weapon/Weapon_ViperRocket_1_1-Westonmach.json" />
		<Unit filename="weapon/Weapon_ViperRocket_1_2-Westonmach.json" />
		<Unit filename="weapon/Weapon_ViperRocket_1_3-Westonmach.json" />
		<Unit filename="weapon/Weapon_ViperRocket_1_4-Westonmach.json" />
		<Unit filename="weapon/Weapon_ViperRocket_1_5-Westonmach.json" />
		<Unit filename="weapon/Weapon_ViperRocket_1_6-Westonmach.json" />
		<Unit filename="weapon/Weapon_ViperRocket_1_7-Westonmach.json" />
		<Unit filename="weapon/Weapon_ViperRocket_1_8-Westonmach.json" />
		<Unit filename="weapon/Weapon_ViperRocket_1_9-Westonmach.json" />
		<Extensions />
	</Project>
</CodeBlocks_project_file>
